{
  "name": "0002-website-styles",
  "version": "1.0.0",
  "lockfileVersion": 2,
  "requires": true,
  "packages": {
    "": {
      "name": "0002-website-styles",
      "version": "1.0.0",
      "license": "UNLICENSED",
      "dependencies": {
        "foam3": "github:kgrgreer/foam3#NP-7064/PureNodeBuild",
        "uglify-js": "^3.16.0"
      }
    },
    "node_modules/ace-builds": {
      "version": "1.5.3",
      "resolved": "https://registry.npmjs.org/ace-builds/-/ace-builds-1.5.3.tgz",
      "integrity": "sha512-WN5BKR2aTSuBmisO8jo3Fytk6sOmJGki82v/Boeic81IgYN8pFHNkXq2anDF0XkmfDWMqLbRoW9sjc/GtKzQbQ=="
    },
    "node_modules/foam3": {
      "version": "2.0.0",
      "resolved": "git+ssh://git@github.com/kgrgreer/foam3.git#32b86f4d1b39f19d0b97b35acdb25dd8e6256fb9",
      "dependencies": {
        "ace-builds": "^1.4.3",
        "xmldom": "^0.6.0"
      }
    },
    "node_modules/uglify-js": {
      "version": "3.16.0",
      "resolved": "https://registry.npmjs.org/uglify-js/-/uglify-js-3.16.0.tgz",
      "integrity": "sha512-FEikl6bR30n0T3amyBh3LoiBdqHRy/f4H80+My34HOesOKyHfOsxAPAxOoqC0JUnC1amnO0IwkYC3sko51caSw==",
      "bin": {
        "uglifyjs": "bin/uglifyjs"
      },
      "engines": {
        "node": ">=0.8.0"
      }
    },
    "node_modules/xmldom": {
      "version": "0.6.0",
      "resolved": "https://registry.npmjs.org/xmldom/-/xmldom-0.6.0.tgz",
      "integrity": "sha512-iAcin401y58LckRZ0TkI4k0VSM1Qg0KGSc3i8rU+xrxe19A/BN1zHyVSJY7uoutVlaTSzYyk/v5AmkewAP7jtg==",
      "engines": {
        "node": ">=10.0.0"
      }
    }
  },
  "dependencies": {
    "ace-builds": {
      "version": "1.5.3",
      "resolved": "https://registry.npmjs.org/ace-builds/-/ace-builds-1.5.3.tgz",
      "integrity": "sha512-WN5BKR2aTSuBmisO8jo3Fytk6sOmJGki82v/Boeic81IgYN8pFHNkXq2anDF0XkmfDWMqLbRoW9sjc/GtKzQbQ=="
    },
    "foam3": {
      "version": "git+ssh://git@github.com/kgrgreer/foam3.git#32b86f4d1b39f19d0b97b35acdb25dd8e6256fb9",
      "from": "foam3@github:kgrgreer/foam3#NP-7064/PureNodeBuild",
      "requires": {
        "ace-builds": "^1.4.3",
        "xmldom": "^0.6.0"
      }
    },
    "uglify-js": {
      "version": "3.16.0",
      "resolved": "https://registry.npmjs.org/uglify-js/-/uglify-js-3.16.0.tgz",
      "integrity": "sha512-FEikl6bR30n0T3amyBh3LoiBdqHRy/f4H80+My34HOesOKyHfOsxAPAxOoqC0JUnC1amnO0IwkYC3sko51caSw=="
    },
    "xmldom": {
      "version": "0.6.0",
      "resolved": "https://registry.npmjs.org/xmldom/-/xmldom-0.6.0.tgz",
      "integrity": "sha512-iAcin401y58LckRZ0TkI4k0VSM1Qg0KGSc3i8rU+xrxe19A/BN1zHyVSJY7uoutVlaTSzYyk/v5AmkewAP7jtg=="
    }
  }
}
